
Microsoft Visual Studio Solution File, Format Version 12.00
# Visual Studio 14
VisualStudioVersion = 14.0.24720.0
MinimumVisualStudioVersion = 10.0.40219.1
Project("{00D1A9C2-B5F0-4AF3-8072-F6C62B433612}") = "RosterDatabase", "RosterDatabase\RosterDatabase.sqlproj", "{7D348A58-01B3-463E-9003-BC639D2B823A}"
EndProject
Project("{FAE04EC0-301F-11D3-BF4B-00C04F79EFBC}") = "RosterDatabase.Test", "RosterDatabase.Test\RosterDatabase.Test.csproj", "{3A5858DA-257E-41D9-86E3-DEDD348210DA}"
EndProject
Global
	GlobalSection(SolutionConfigurationPlatforms) = preSolution
		Debug|Any CPU = Debug|Any CPU
		Release|Any CPU = Release|Any CPU
	EndGlobalSection
	GlobalSection(ProjectConfigurationPlatforms) = postSolution
		{7D348A58-01B3-463E-9003-BC639D2B823A}.Debug|Any CPU.ActiveCfg = Debug|Any CPU
		{7D348A58-01B3-463E-9003-BC639D2B823A}.Debug|Any CPU.Build.0 = Debug|Any CPU
		{7D348A58-01B3-463E-9003-BC639D2B823A}.Debug|Any CPU.Deploy.0 = Debug|Any CPU
		{7D348A58-01B3-463E-9003-BC639D2B823A}.Release|Any CPU.ActiveCfg = Release|Any CPU
		{7D348A58-01B3-463E-9003-BC639D2B823A}.Release|Any CPU.Build.0 = Release|Any CPU
		{7D348A58-01B3-463E-9003-BC639D2B823A}.Release|Any CPU.Deploy.0 = Release|Any CPU
		{3A5858DA-257E-41D9-86E3-DEDD348210DA}.Debug|Any CPU.ActiveCfg = Debug|Any CPU
		{3A5858DA-257E-41D9-86E3-DEDD348210DA}.Debug|Any CPU.Build.0 = Debug|Any CPU
		{3A5858DA-257E-41D9-86E3-DEDD348210DA}.Release|Any CPU.ActiveCfg = Release|Any CPU
		{3A5858DA-257E-41D9-86E3-DEDD348210DA}.Release|Any CPU.Build.0 = Release|Any CPU
	EndGlobalSection
	GlobalSection(SolutionProperties) = preSolution
		HideSolutionNode = FALSE
	EndGlobalSection
EndGlobal
